
Microsoft Visual Studio Solution File, Format Version 12.00
# Visual Studio 14
VisualStudioVersion = 14.0.25420.1
MinimumVisualStudioVersion = 10.0.40219.1
Project("{FAE04EC0-301F-11D3-BF4B-00C04F79EFBC}") = "DemoApp", "DemoApp\DemoApp\DemoApp.csproj", "{1FEC3898-2897-41BD-9FD6-0C738D7FF5BC}"
EndProject
Project("{FAE04EC0-301F-11D3-BF4B-00C04F79EFBC}") = "DemoApp.Droid", "DemoApp\DemoApp.Droid\DemoApp.Droid.csproj", "{437F720F-C9DC-46AE-877A-4F506757FFDF}"
EndProject
Project("{FAE04EC0-301F-11D3-BF4B-00C04F79EFBC}") = "DemoApp.iOS", "DemoApp\DemoApp.iOS\DemoApp.iOS.csproj", "{B58F9957-3959-40AD-B080-CE0515313F17}"
EndProject
Project("{FAE04EC0-301F-11D3-BF4B-00C04F79EFBC}") = "DemoApp.WinPhone", "DemoApp\DemoApp.WinPhone\DemoApp.WinPhone.csproj", "{DC7AD44D-3158-4BB1-9A64-DDB20B29E749}"
EndProject
Project("{FAE04EC0-301F-11D3-BF4B-00C04F79EFBC}") = "DemoApp.UWP", "DemoApp\DemoApp.UWP\DemoApp.UWP.csproj", "{8F6DE463-C6AA-465A-B74A-FFF4CFC2158A}"
EndProject
Project("{FAE04EC0-301F-11D3-BF4B-00C04F79EFBC}") = "DemoApp.Windows", "DemoApp\DemoApp.Windows\DemoApp.Windows.csproj", "{3D45FD85-7D28-49C2-906A-93075EE18F9B}"
EndProject
Global
	GlobalSection(SolutionConfigurationPlatforms) = preSolution
		Ad-Hoc|Any CPU = Ad-Hoc|Any CPU
		Ad-Hoc|ARM = Ad-Hoc|ARM
		Ad-Hoc|iPhone = Ad-Hoc|iPhone
		Ad-Hoc|iPhoneSimulator = Ad-Hoc|iPhoneSimulator
		Ad-Hoc|x64 = Ad-Hoc|x64
		Ad-Hoc|x86 = Ad-Hoc|x86
		AppStore|Any CPU = AppStore|Any CPU
		AppStore|ARM = AppStore|ARM
		AppStore|iPhone = AppStore|iPhone
		AppStore|iPhoneSimulator = AppStore|iPhoneSimulator
		AppStore|x64 = AppStore|x64
		AppStore|x86 = AppStore|x86
		Debug|Any CPU = Debug|Any CPU
		Debug|ARM = Debug|ARM
		Debug|iPhone = Debug|iPhone
		Debug|iPhoneSimulator = Debug|iPhoneSimulator
		Debug|x64 = Debug|x64
		Debug|x86 = Debug|x86
		Release|Any CPU = Release|Any CPU
		Release|ARM = Release|ARM
		Release|iPhone = Release|iPhone
		Release|iPhoneSimulator = Release|iPhoneSimulator
		Release|x64 = Release|x64
		Release|x86 = Release|x86
	EndGlobalSection
	GlobalSection(ProjectConfigurationPlatforms) = postSolution
		{1FEC3898-2897-41BD-9FD6-0C738D7FF5BC}.Ad-Hoc|Any CPU.ActiveCfg = Release|Any CPU
		{1FEC3898-2897-41BD-9FD6-0C738D7FF5BC}.Ad-Hoc|Any CPU.Build.0 = Release|Any CPU
		{1FEC3898-2897-41BD-9FD6-0C738D7FF5BC}.Ad-Hoc|ARM.ActiveCfg = Release|Any CPU
		{1FEC3898-2897-41BD-9FD6-0C738D7FF5BC}.Ad-Hoc|ARM.Build.0 = Release|Any CPU
		{1FEC3898-2897-41BD-9FD6-0C738D7FF5BC}.Ad-Hoc|iPhone.ActiveCfg = Release|Any CPU
		{1FEC3898-2897-41BD-9FD6-0C738D7FF5BC}.Ad-Hoc|iPhone.Build.0 = Release|Any CPU
		{1FEC3898-2897-41BD-9FD6-0C738D7FF5BC}.Ad-Hoc|iPhoneSimulator.ActiveCfg = Release|Any CPU
		{1FEC3898-2897-41BD-9FD6-0C738D7FF5BC}.Ad-Hoc|iPhoneSimulator.Build.0 = Release|Any CPU
		{1FEC3898-2897-41BD-9FD6-0C738D7FF5BC}.Ad-Hoc|x64.ActiveCfg = Release|Any CPU
		{1FEC3898-2897-41BD-9FD6-0C738D7FF5BC}.Ad-Hoc|x64.Build.0 = Release|Any CPU
		{1FEC3898-2897-41BD-9FD6-0C738D7FF5BC}.Ad-Hoc|x86.ActiveCfg = Release|Any CPU
		{1FEC3898-2897-41BD-9FD6-0C738D7FF5BC}.Ad-Hoc|x86.Build.0 = Release|Any CPU
		{1FEC3898-2897-41BD-9FD6-0C738D7FF5BC}.AppStore|Any CPU.ActiveCfg = Release|Any CPU
		{1FEC3898-2897-41BD-9FD6-0C738D7FF5BC}.AppStore|Any CPU.Build.0 = Release|Any CPU
		{1FEC3898-2897-41BD-9FD6-0C738D7FF5BC}.AppStore|ARM.ActiveCfg = Release|Any CPU
		{1FEC3898-2897-41BD-9FD6-0C738D7FF5BC}.AppStore|ARM.Build.0 = Release|Any CPU
		{1FEC3898-2897-41BD-9FD6-0C738D7FF5BC}.AppStore|iPhone.ActiveCfg = Release|Any CPU
		{1FEC3898-2897-41BD-9FD6-0C738D7FF5BC}.AppStore|iPhone.Build.0 = Release|Any CPU
		{1FEC3898-2897-41BD-9FD6-0C738D7FF5BC}.AppStore|iPhoneSimulator.ActiveCfg = Release|Any CPU
		{1FEC3898-2897-41BD-9FD6-0C738D7FF5BC}.AppStore|iPhoneSimulator.Build.0 = Release|Any CPU
		{1FEC3898-2897-41BD-9FD6-0C738D7FF5BC}.AppStore|x64.ActiveCfg = Release|Any CPU
		{1FEC3898-2897-41BD-9FD6-0C738D7FF5BC}.AppStore|x64.Build.0 = Release|Any CPU
		{1FEC3898-2897-41BD-9FD6-0C738D7FF5BC}.AppStore|x86.ActiveCfg = Release|Any CPU
		{1FEC3898-2897-41BD-9FD6-0C738D7FF5BC}.AppStore|x86.Build.0 = Release|Any CPU
		{1FEC3898-2897-41BD-9FD6-0C738D7FF5BC}.Debug|Any CPU.ActiveCfg = Debug|Any CPU
		{1FEC3898-2897-41BD-9FD6-0C738D7FF5BC}.Debug|Any CPU.Build.0 = Debug|Any CPU
		{1FEC3898-2897-41BD-9FD6-0C738D7FF5BC}.Debug|ARM.ActiveCfg = Debug|Any CPU
		{1FEC3898-2897-41BD-9FD6-0C738D7FF5BC}.Debug|ARM.Build.0 = Debug|Any CPU
		{1FEC3898-2897-41BD-9FD6-0C738D7FF5BC}.Debug|iPhone.ActiveCfg = Debug|Any CPU
		{1FEC3898-2897-41BD-9FD6-0C738D7FF5BC}.Debug|iPhone.Build.0 = Debug|Any CPU
		{1FEC3898-2897-41BD-9FD6-0C738D7FF5BC}.Debug|iPhoneSimulator.ActiveCfg = Debug|Any CPU
		{1FEC3898-2897-41BD-9FD6-0C738D7FF5BC}.Debug|iPhoneSimulator.Build.0 = Debug|Any CPU
		{1FEC3898-2897-41BD-9FD6-0C738D7FF5BC}.Debug|x64.ActiveCfg = Debug|Any CPU
		{1FEC3898-2897-41BD-9FD6-0C738D7FF5BC}.Debug|x64.Build.0 = Debug|Any CPU
		{1FEC3898-2897-41BD-9FD6-0C738D7FF5BC}.Debug|x86.ActiveCfg = Debug|Any CPU
		{1FEC3898-2897-41BD-9FD6-0C738D7FF5BC}.Debug|x86.Build.0 = Debug|Any CPU
		{1FEC3898-2897-41BD-9FD6-0C738D7FF5BC}.Release|Any CPU.ActiveCfg = Release|Any CPU
		{1FEC3898-2897-41BD-9FD6-0C738D7FF5BC}.Release|Any CPU.Build.0 = Release|Any CPU
		{1FEC3898-2897-41BD-9FD6-0C738D7FF5BC}.Release|ARM.ActiveCfg = Release|Any CPU
		{1FEC3898-2897-41BD-9FD6-0C738D7FF5BC}.Release|ARM.Build.0 = Release|Any CPU
		{1FEC3898-2897-41BD-9FD6-0C738D7FF5BC}.Release|iPhone.ActiveCfg = Release|Any CPU
		{1FEC3898-2897-41BD-9FD6-0C738D7FF5BC}.Release|iPhone.Build.0 = Release|Any CPU
		{1FEC3898-2897-41BD-9FD6-0C738D7FF5BC}.Release|iPhoneSimulator.ActiveCfg = Release|Any CPU
		{1FEC3898-2897-41BD-9FD6-0C738D7FF5BC}.Release|iPhoneSimulator.Build.0 = Release|Any CPU
		{1FEC3898-2897-41BD-9FD6-0C738D7FF5BC}.Release|x64.ActiveCfg = Release|Any CPU
		{1FEC3898-2897-41BD-9FD6-0C738D7FF5BC}.Release|x64.Build.0 = Release|Any CPU
		{1FEC3898-2897-41BD-9FD6-0C738D7FF5BC}.Release|x86.ActiveCfg = Release|Any CPU
		{1FEC3898-2897-41BD-9FD6-0C738D7FF5BC}.Release|x86.Build.0 = Release|Any CPU
		{437F720F-C9DC-46AE-877A-4F506757FFDF}.Ad-Hoc|Any CPU.ActiveCfg = Release|Any CPU
		{437F720F-C9DC-46AE-877A-4F506757FFDF}.Ad-Hoc|Any CPU.Build.0 = Release|Any CPU
		{437F720F-C9DC-46AE-877A-4F506757FFDF}.Ad-Hoc|Any CPU.Deploy.0 = Release|Any CPU
		{437F720F-C9DC-46AE-877A-4F506757FFDF}.Ad-Hoc|ARM.ActiveCfg = Release|Any CPU
		{437F720F-C9DC-46AE-877A-4F506757FFDF}.Ad-Hoc|ARM.Build.0 = Release|Any CPU
		{437F720F-C9DC-46AE-877A-4F506757FFDF}.Ad-Hoc|ARM.Deploy.0 = Release|Any CPU
		{437F720F-C9DC-46AE-877A-4F506757FFDF}.Ad-Hoc|iPhone.ActiveCfg = Release|Any CPU
		{437F720F-C9DC-46AE-877A-4F506757FFDF}.Ad-Hoc|iPhone.Build.0 = Release|Any CPU
		{437F720F-C9DC-46AE-877A-4F506757FFDF}.Ad-Hoc|iPhone.Deploy.0 = Release|Any CPU
		{437F720F-C9DC-46AE-877A-4F506757FFDF}.Ad-Hoc|iPhoneSimulator.ActiveCfg = Release|Any CPU
		{437F720F-C9DC-46AE-877A-4F506757FFDF}.Ad-Hoc|iPhoneSimulator.Build.0 = Release|Any CPU
		{437F720F-C9DC-46AE-877A-4F506757FFDF}.Ad-Hoc|iPhoneSimulator.Deploy.0 = Release|Any CPU
		{437F720F-C9DC-46AE-877A-4F506757FFDF}.Ad-Hoc|x64.ActiveCfg = Release|Any CPU
		{437F720F-C9DC-46AE-877A-4F506757FFDF}.Ad-Hoc|x64.Build.0 = Release|Any CPU
		{437F720F-C9DC-46AE-877A-4F506757FFDF}.Ad-Hoc|x64.Deploy.0 = Release|Any CPU
		{437F720F-C9DC-46AE-877A-4F506757FFDF}.Ad-Hoc|x86.ActiveCfg = Release|Any CPU
		{437F720F-C9DC-46AE-877A-4F506757FFDF}.Ad-Hoc|x86.Build.0 = Release|Any CPU
		{437F720F-C9DC-46AE-877A-4F506757FFDF}.Ad-Hoc|x86.Deploy.0 = Release|Any CPU
		{437F720F-C9DC-46AE-877A-4F506757FFDF}.AppStore|Any CPU.ActiveCfg = Release|Any CPU
		{437F720F-C9DC-46AE-877A-4F506757FFDF}.AppStore|Any CPU.Build.0 = Release|Any CPU
		{437F720F-C9DC-46AE-877A-4F506757FFDF}.AppStore|Any CPU.Deploy.0 = Release|Any CPU
		{437F720F-C9DC-46AE-877A-4F506757FFDF}.AppStore|ARM.ActiveCfg = Release|Any CPU
		{437F720F-C9DC-46AE-877A-4F506757FFDF}.AppStore|ARM.Build.0 = Release|Any CPU
		{437F720F-C9DC-46AE-877A-4F506757FFDF}.AppStore|ARM.Deploy.0 = Release|Any CPU
		{437F720F-C9DC-46AE-877A-4F506757FFDF}.AppStore|iPhone.ActiveCfg = Release|Any CPU
		{437F720F-C9DC-46AE-877A-4F506757FFDF}.AppStore|iPhone.Build.0 = Release|Any CPU
		{437F720F-C9DC-46AE-877A-4F506757FFDF}.AppStore|iPhone.Deploy.0 = Release|Any CPU
		{437F720F-C9DC-46AE-877A-4F506757FFDF}.AppStore|iPhoneSimulator.ActiveCfg = Release|Any CPU
		{437F720F-C9DC-46AE-877A-4F506757FFDF}.AppStore|iPhoneSimulator.Build.0 = Release|Any CPU
		{437F720F-C9DC-46AE-877A-4F506757FFDF}.AppStore|iPhoneSimulator.Deploy.0 = Release|Any CPU
		{437F720F-C9DC-46AE-877A-4F506757FFDF}.AppStore|x64.ActiveCfg = Release|Any CPU
		{437F720F-C9DC-46AE-877A-4F506757FFDF}.AppStore|x64.Build.0 = Release|Any CPU
		{437F720F-C9DC-46AE-877A-4F506757FFDF}.AppStore|x64.Deploy.0 = Release|Any CPU
		{437F720F-C9DC-46AE-877A-4F506757FFDF}.AppStore|x86.ActiveCfg = Release|Any CPU
		{437F720F-C9DC-46AE-877A-4F506757FFDF}.AppStore|x86.Build.0 = Release|Any CPU
		{437F720F-C9DC-46AE-877A-4F506757FFDF}.AppStore|x86.Deploy.0 = Release|Any CPU
		{437F720F-C9DC-46AE-877A-4F506757FFDF}.Debug|Any CPU.ActiveCfg = Debug|Any CPU
		{437F720F-C9DC-46AE-877A-4F506757FFDF}.Debug|Any CPU.Build.0 = Debug|Any CPU
		{437F720F-C9DC-46AE-877A-4F506757FFDF}.Debug|Any CPU.Deploy.0 = Debug|Any CPU
		{437F720F-C9DC-46AE-877A-4F506757FFDF}.Debug|ARM.ActiveCfg = Debug|Any CPU
		{437F720F-C9DC-46AE-877A-4F506757FFDF}.Debug|ARM.Build.0 = Debug|Any CPU
		{437F720F-C9DC-46AE-877A-4F506757FFDF}.Debug|ARM.Deploy.0 = Debug|Any CPU
		{437F720F-C9DC-46AE-877A-4F506757FFDF}.Debug|iPhone.ActiveCfg = Debug|Any CPU
		{437F720F-C9DC-46AE-877A-4F506757FFDF}.Debug|iPhone.Build.0 = Debug|Any CPU
		{437F720F-C9DC-46AE-877A-4F506757FFDF}.Debug|iPhone.Deploy.0 = Debug|Any CPU
		{437F720F-C9DC-46AE-877A-4F506757FFDF}.Debug|iPhoneSimulator.ActiveCfg = Debug|Any CPU
		{437F720F-C9DC-46AE-877A-4F506757FFDF}.Debug|iPhoneSimulator.Build.0 = Debug|Any CPU
		{437F720F-C9DC-46AE-877A-4F506757FFDF}.Debug|iPhoneSimulator.Deploy.0 = Debug|Any CPU
		{437F720F-C9DC-46AE-877A-4F506757FFDF}.Debug|x64.ActiveCfg = Debug|Any CPU
		{437F720F-C9DC-46AE-877A-4F506757FFDF}.Debug|x64.Build.0 = Debug|Any CPU
		{437F720F-C9DC-46AE-877A-4F506757FFDF}.Debug|x64.Deploy.0 = Debug|Any CPU
		{437F720F-C9DC-46AE-877A-4F506757FFDF}.Debug|x86.ActiveCfg = Debug|Any CPU
		{437F720F-C9DC-46AE-877A-4F506757FFDF}.Debug|x86.Build.0 = Debug|Any CPU
		{437F720F-C9DC-46AE-877A-4F506757FFDF}.Debug|x86.Deploy.0 = Debug|Any CPU
		{437F720F-C9DC-46AE-877A-4F506757FFDF}.Release|Any CPU.ActiveCfg = Release|Any CPU
		{437F720F-C9DC-46AE-877A-4F506757FFDF}.Release|Any CPU.Build.0 = Release|Any CPU
		{437F720F-C9DC-46AE-877A-4F506757FFDF}.Release|Any CPU.Deploy.0 = Release|Any CPU
		{437F720F-C9DC-46AE-877A-4F506757FFDF}.Release|ARM.ActiveCfg = Release|Any CPU
		{437F720F-C9DC-46AE-877A-4F506757FFDF}.Release|ARM.Build.0 = Release|Any CPU
		{437F720F-C9DC-46AE-877A-4F506757FFDF}.Release|ARM.Deploy.0 = Release|Any CPU
		{437F720F-C9DC-46AE-877A-4F506757FFDF}.Release|iPhone.ActiveCfg = Release|Any CPU
		{437F720F-C9DC-46AE-877A-4F506757FFDF}.Release|iPhone.Build.0 = Release|Any CPU
		{437F720F-C9DC-46AE-877A-4F506757FFDF}.Release|iPhone.Deploy.0 = Release|Any CPU
		{437F720F-C9DC-46AE-877A-4F506757FFDF}.Release|iPhoneSimulator.ActiveCfg = Release|Any CPU
		{437F720F-C9DC-46AE-877A-4F506757FFDF}.Release|iPhoneSimulator.Build.0 = Release|Any CPU
		{437F720F-C9DC-46AE-877A-4F506757FFDF}.Release|iPhoneSimulator.Deploy.0 = Release|Any CPU
		{437F720F-C9DC-46AE-877A-4F506757FFDF}.Release|x64.ActiveCfg = Release|Any CPU
		{437F720F-C9DC-46AE-877A-4F506757FFDF}.Release|x64.Build.0 = Release|Any CPU
		{437F720F-C9DC-46AE-877A-4F506757FFDF}.Release|x64.Deploy.0 = Release|Any CPU
		{437F720F-C9DC-46AE-877A-4F506757FFDF}.Release|x86.ActiveCfg = Release|Any CPU
		{437F720F-C9DC-46AE-877A-4F506757FFDF}.Release|x86.Build.0 = Release|Any CPU
		{437F720F-C9DC-46AE-877A-4F506757FFDF}.Release|x86.Deploy.0 = Release|Any CPU
		{B58F9957-3959-40AD-B080-CE0515313F17}.Ad-Hoc|Any CPU.ActiveCfg = Ad-Hoc|iPhone
		{B58F9957-3959-40AD-B080-CE0515313F17}.Ad-Hoc|ARM.ActiveCfg = Ad-Hoc|iPhone
		{B58F9957-3959-40AD-B080-CE0515313F17}.Ad-Hoc|iPhone.ActiveCfg = Ad-Hoc|iPhone
		{B58F9957-3959-40AD-B080-CE0515313F17}.Ad-Hoc|iPhone.Build.0 = Ad-Hoc|iPhone
		{B58F9957-3959-40AD-B080-CE0515313F17}.Ad-Hoc|iPhoneSimulator.ActiveCfg = Ad-Hoc|iPhoneSimulator
		{B58F9957-3959-40AD-B080-CE0515313F17}.Ad-Hoc|iPhoneSimulator.Build.0 = Ad-Hoc|iPhoneSimulator
		{B58F9957-3959-40AD-B080-CE0515313F17}.Ad-Hoc|x64.ActiveCfg = Ad-Hoc|iPhone
		{B58F9957-3959-40AD-B080-CE0515313F17}.Ad-Hoc|x86.ActiveCfg = Ad-Hoc|iPhone
		{B58F9957-3959-40AD-B080-CE0515313F17}.AppStore|Any CPU.ActiveCfg = AppStore|iPhone
		{B58F9957-3959-40AD-B080-CE0515313F17}.AppStore|ARM.ActiveCfg = AppStore|iPhone
		{B58F9957-3959-40AD-B080-CE0515313F17}.AppStore|iPhone.ActiveCfg = AppStore|iPhone
		{B58F9957-3959-40AD-B080-CE0515313F17}.AppStore|iPhone.Build.0 = AppStore|iPhone
		{B58F9957-3959-40AD-B080-CE0515313F17}.AppStore|iPhoneSimulator.ActiveCfg = AppStore|iPhoneSimulator
		{B58F9957-3959-40AD-B080-CE0515313F17}.AppStore|iPhoneSimulator.Build.0 = AppStore|iPhoneSimulator
		{B58F9957-3959-40AD-B080-CE0515313F17}.AppStore|x64.ActiveCfg = AppStore|iPhone
		{B58F9957-3959-40AD-B080-CE0515313F17}.AppStore|x86.ActiveCfg = AppStore|iPhone
		{B58F9957-3959-40AD-B080-CE0515313F17}.Debug|Any CPU.ActiveCfg = Debug|iPhone
		{B58F9957-3959-40AD-B080-CE0515313F17}.Debug|ARM.ActiveCfg = Debug|iPhone
		{B58F9957-3959-40AD-B080-CE0515313F17}.Debug|iPhone.ActiveCfg = Debug|iPhone
		{B58F9957-3959-40AD-B080-CE0515313F17}.Debug|iPhone.Build.0 = Debug|iPhone
		{B58F9957-3959-40AD-B080-CE0515313F17}.Debug|iPhoneSimulator.ActiveCfg = Debug|iPhoneSimulator
		{B58F9957-3959-40AD-B080-CE0515313F17}.Debug|iPhoneSimulator.Build.0 = Debug|iPhoneSimulator
		{B58F9957-3959-40AD-B080-CE0515313F17}.Debug|x64.ActiveCfg = Debug|iPhone
		{B58F9957-3959-40AD-B080-CE0515313F17}.Debug|x86.ActiveCfg = Debug|iPhone
		{B58F9957-3959-40AD-B080-CE0515313F17}.Release|Any CPU.ActiveCfg = Release|iPhone
		{B58F9957-3959-40AD-B080-CE0515313F17}.Release|ARM.ActiveCfg = Release|iPhone
		{B58F9957-3959-40AD-B080-CE0515313F17}.Release|iPhone.ActiveCfg = Release|iPhone
		{B58F9957-3959-40AD-B080-CE0515313F17}.Release|iPhone.Build.0 = Release|iPhone
		{B58F9957-3959-40AD-B080-CE0515313F17}.Release|iPhoneSimulator.ActiveCfg = Release|iPhoneSimulator
		{B58F9957-3959-40AD-B080-CE0515313F17}.Release|iPhoneSimulator.Build.0 = Release|iPhoneSimulator
		{B58F9957-3959-40AD-B080-CE0515313F17}.Release|x64.ActiveCfg = Release|iPhone
		{B58F9957-3959-40AD-B080-CE0515313F17}.Release|x86.ActiveCfg = Release|iPhone
		{DC7AD44D-3158-4BB1-9A64-DDB20B29E749}.Ad-Hoc|Any CPU.ActiveCfg = Release|Any CPU
		{DC7AD44D-3158-4BB1-9A64-DDB20B29E749}.Ad-Hoc|Any CPU.Build.0 = Release|Any CPU
		{DC7AD44D-3158-4BB1-9A64-DDB20B29E749}.Ad-Hoc|Any CPU.Deploy.0 = Release|Any CPU
		{DC7AD44D-3158-4BB1-9A64-DDB20B29E749}.Ad-Hoc|ARM.ActiveCfg = Release|ARM
		{DC7AD44D-3158-4BB1-9A64-DDB20B29E749}.Ad-Hoc|ARM.Build.0 = Release|ARM
		{DC7AD44D-3158-4BB1-9A64-DDB20B29E749}.Ad-Hoc|ARM.Deploy.0 = Release|ARM
		{DC7AD44D-3158-4BB1-9A64-DDB20B29E749}.Ad-Hoc|iPhone.ActiveCfg = Release|Any CPU
		{DC7AD44D-3158-4BB1-9A64-DDB20B29E749}.Ad-Hoc|iPhone.Build.0 = Release|Any CPU
		{DC7AD44D-3158-4BB1-9A64-DDB20B29E749}.Ad-Hoc|iPhone.Deploy.0 = Release|Any CPU
		{DC7AD44D-3158-4BB1-9A64-DDB20B29E749}.Ad-Hoc|iPhoneSimulator.ActiveCfg = Release|Any CPU
		{DC7AD44D-3158-4BB1-9A64-DDB20B29E749}.Ad-Hoc|iPhoneSimulator.Build.0 = Release|Any CPU
		{DC7AD44D-3158-4BB1-9A64-DDB20B29E749}.Ad-Hoc|iPhoneSimulator.Deploy.0 = Release|Any CPU
		{DC7AD44D-3158-4BB1-9A64-DDB20B29E749}.Ad-Hoc|x64.ActiveCfg = Release|Any CPU
		{DC7AD44D-3158-4BB1-9A64-DDB20B29E749}.Ad-Hoc|x64.Build.0 = Release|Any CPU
		{DC7AD44D-3158-4BB1-9A64-DDB20B29E749}.Ad-Hoc|x64.Deploy.0 = Release|Any CPU
		{DC7AD44D-3158-4BB1-9A64-DDB20B29E749}.Ad-Hoc|x86.ActiveCfg = Release|x86
		{DC7AD44D-3158-4BB1-9A64-DDB20B29E749}.Ad-Hoc|x86.Build.0 = Release|x86
		{DC7AD44D-3158-4BB1-9A64-DDB20B29E749}.Ad-Hoc|x86.Deploy.0 = Release|x86
		{DC7AD44D-3158-4BB1-9A64-DDB20B29E749}.AppStore|Any CPU.ActiveCfg = Release|Any CPU
		{DC7AD44D-3158-4BB1-9A64-DDB20B29E749}.AppStore|Any CPU.Build.0 = Release|Any CPU
		{DC7AD44D-3158-4BB1-9A64-DDB20B29E749}.AppStore|Any CPU.Deploy.0 = Release|Any CPU
		{DC7AD44D-3158-4BB1-9A64-DDB20B29E749}.AppStore|ARM.ActiveCfg = Release|ARM
		{DC7AD44D-3158-4BB1-9A64-DDB20B29E749}.AppStore|ARM.Build.0 = Release|ARM
		{DC7AD44D-3158-4BB1-9A64-DDB20B29E749}.AppStore|ARM.Deploy.0 = Release|ARM
		{DC7AD44D-3158-4BB1-9A64-DDB20B29E749}.AppStore|iPhone.ActiveCfg = Release|Any CPU
		{DC7AD44D-3158-4BB1-9A64-DDB20B29E749}.AppStore|iPhone.Build.0 = Release|Any CPU
		{DC7AD44D-3158-4BB1-9A64-DDB20B29E749}.AppStore|iPhone.Deploy.0 = Release|Any CPU
		{DC7AD44D-3158-4BB1-9A64-DDB20B29E749}.AppStore|iPhoneSimulator.ActiveCfg = Release|Any CPU
		{DC7AD44D-3158-4BB1-9A64-DDB20B29E749}.AppStore|iPhoneSimulator.Build.0 = Release|Any CPU
		{DC7AD44D-3158-4BB1-9A64-DDB20B29E749}.AppStore|iPhoneSimulator.Deploy.0 = Release|Any CPU
		{DC7AD44D-3158-4BB1-9A64-DDB20B29E749}.AppStore|x64.ActiveCfg = Release|Any CPU
		{DC7AD44D-3158-4BB1-9A64-DDB20B29E749}.AppStore|x64.Build.0 = Release|Any CPU
		{DC7AD44D-3158-4BB1-9A64-DDB20B29E749}.AppStore|x64.Deploy.0 = Release|Any CPU
		{DC7AD44D-3158-4BB1-9A64-DDB20B29E749}.AppStore|x86.ActiveCfg = Release|x86
		{DC7AD44D-3158-4BB1-9A64-DDB20B29E749}.AppStore|x86.Build.0 = Release|x86
		{DC7AD44D-3158-4BB1-9A64-DDB20B29E749}.AppStore|x86.Deploy.0 = Release|x86
		{DC7AD44D-3158-4BB1-9A64-DDB20B29E749}.Debug|Any CPU.ActiveCfg = Debug|Any CPU
		{DC7AD44D-3158-4BB1-9A64-DDB20B29E749}.Debug|Any CPU.Build.0 = Debug|Any CPU
		{DC7AD44D-3158-4BB1-9A64-DDB20B29E749}.Debug|Any CPU.Deploy.0 = Debug|Any CPU
		{DC7AD44D-3158-4BB1-9A64-DDB20B29E749}.Debug|ARM.ActiveCfg = Debug|ARM
		{DC7AD44D-3158-4BB1-9A64-DDB20B29E749}.Debug|ARM.Build.0 = Debug|ARM
		{DC7AD44D-3158-4BB1-9A64-DDB20B29E749}.Debug|ARM.Deploy.0 = Debug|ARM
		{DC7AD44D-3158-4BB1-9A64-DDB20B29E749}.Debug|iPhone.ActiveCfg = Debug|Any CPU
		{DC7AD44D-3158-4BB1-9A64-DDB20B29E749}.Debug|iPhone.Build.0 = Debug|Any CPU
		{DC7AD44D-3158-4BB1-9A64-DDB20B29E749}.Debug|iPhone.Deploy.0 = Debug|Any CPU
		{DC7AD44D-3158-4BB1-9A64-DDB20B29E749}.Debug|iPhoneSimulator.ActiveCfg = Debug|Any CPU
		{DC7AD44D-3158-4BB1-9A64-DDB20B29E749}.Debug|iPhoneSimulator.Build.0 = Debug|Any CPU
		{DC7AD44D-3158-4BB1-9A64-DDB20B29E749}.Debug|iPhoneSimulator.Deploy.0 = Debug|Any CPU
		{DC7AD44D-3158-4BB1-9A64-DDB20B29E749}.Debug|x64.ActiveCfg = Debug|Any CPU
		{DC7AD44D-3158-4BB1-9A64-DDB20B29E749}.Debug|x64.Build.0 = Debug|Any CPU
		{DC7AD44D-3158-4BB1-9A64-DDB20B29E749}.Debug|x64.Deploy.0 = Debug|Any CPU
		{DC7AD44D-3158-4BB1-9A64-DDB20B29E749}.Debug|x86.ActiveCfg = Debug|x86
		{DC7AD44D-3158-4BB1-9A64-DDB20B29E749}.Debug|x86.Build.0 = Debug|x86
		{DC7AD44D-3158-4BB1-9A64-DDB20B29E749}.Debug|x86.Deploy.0 = Debug|x86
		{DC7AD44D-3158-4BB1-9A64-DDB20B29E749}.Release|Any CPU.ActiveCfg = Release|Any CPU
		{DC7AD44D-3158-4BB1-9A64-DDB20B29E749}.Release|Any CPU.Build.0 = Release|Any CPU
		{DC7AD44D-3158-4BB1-9A64-DDB20B29E749}.Release|Any CPU.Deploy.0 = Release|Any CPU
		{DC7AD44D-3158-4BB1-9A64-DDB20B29E749}.Release|ARM.ActiveCfg = Release|ARM
		{DC7AD44D-3158-4BB1-9A64-DDB20B29E749}.Release|ARM.Build.0 = Release|ARM
		{DC7AD44D-3158-4BB1-9A64-DDB20B29E749}.Release|ARM.Deploy.0 = Release|ARM
		{DC7AD44D-3158-4BB1-9A64-DDB20B29E749}.Release|iPhone.ActiveCfg = Release|Any CPU
		{DC7AD44D-3158-4BB1-9A64-DDB20B29E749}.Release|iPhone.Build.0 = Release|Any CPU
		{DC7AD44D-3158-4BB1-9A64-DDB20B29E749}.Release|iPhone.Deploy.0 = Release|Any CPU
		{DC7AD44D-3158-4BB1-9A64-DDB20B29E749}.Release|iPhoneSimulator.ActiveCfg = Release|Any CPU
		{DC7AD44D-3158-4BB1-9A64-DDB20B29E749}.Release|iPhoneSimulator.Build.0 = Release|Any CPU
		{DC7AD44D-3158-4BB1-9A64-DDB20B29E749}.Release|iPhoneSimulator.Deploy.0 = Release|Any CPU
		{DC7AD44D-3158-4BB1-9A64-DDB20B29E749}.Release|x64.ActiveCfg = Release|Any CPU
		{DC7AD44D-3158-4BB1-9A64-DDB20B29E749}.Release|x64.Build.0 = Release|Any CPU
		{DC7AD44D-3158-4BB1-9A64-DDB20B29E749}.Release|x64.Deploy.0 = Release|Any CPU
		{DC7AD44D-3158-4BB1-9A64-DDB20B29E749}.Release|x86.ActiveCfg = Release|x86
		{DC7AD44D-3158-4BB1-9A64-DDB20B29E749}.Release|x86.Build.0 = Release|x86
		{DC7AD44D-3158-4BB1-9A64-DDB20B29E749}.Release|x86.Deploy.0 = Release|x86
		{8F6DE463-C6AA-465A-B74A-FFF4CFC2158A}.Ad-Hoc|Any CPU.ActiveCfg = Release|x86
		{8F6DE463-C6AA-465A-B74A-FFF4CFC2158A}.Ad-Hoc|Any CPU.Build.0 = Release|x86
		{8F6DE463-C6AA-465A-B74A-FFF4CFC2158A}.Ad-Hoc|Any CPU.Deploy.0 = Release|x86
		{8F6DE463-C6AA-465A-B74A-FFF4CFC2158A}.Ad-Hoc|ARM.ActiveCfg = Release|ARM
		{8F6DE463-C6AA-465A-B74A-FFF4CFC2158A}.Ad-Hoc|ARM.Build.0 = Release|ARM
		{8F6DE463-C6AA-465A-B74A-FFF4CFC2158A}.Ad-Hoc|ARM.Deploy.0 = Release|ARM
		{8F6DE463-C6AA-465A-B74A-FFF4CFC2158A}.Ad-Hoc|iPhone.ActiveCfg = Release|x86
		{8F6DE463-C6AA-465A-B74A-FFF4CFC2158A}.Ad-Hoc|iPhone.Build.0 = Release|x86
		{8F6DE463-C6AA-465A-B74A-FFF4CFC2158A}.Ad-Hoc|iPhone.Deploy.0 = Release|x86
		{8F6DE463-C6AA-465A-B74A-FFF4CFC2158A}.Ad-Hoc|iPhoneSimulator.ActiveCfg = Release|x86
		{8F6DE463-C6AA-465A-B74A-FFF4CFC2158A}.Ad-Hoc|iPhoneSimulator.Build.0 = Release|x86
		{8F6DE463-C6AA-465A-B74A-FFF4CFC2158A}.Ad-Hoc|iPhoneSimulator.Deploy.0 = Release|x86
		{8F6DE463-C6AA-465A-B74A-FFF4CFC2158A}.Ad-Hoc|x64.ActiveCfg = Release|x64
		{8F6DE463-C6AA-465A-B74A-FFF4CFC2158A}.Ad-Hoc|x64.Build.0 = Release|x64
		{8F6DE463-C6AA-465A-B74A-FFF4CFC2158A}.Ad-Hoc|x64.Deploy.0 = Release|x64
		{8F6DE463-C6AA-465A-B74A-FFF4CFC2158A}.Ad-Hoc|x86.ActiveCfg = Release|x86
		{8F6DE463-C6AA-465A-B74A-FFF4CFC2158A}.Ad-Hoc|x86.Build.0 = Release|x86
		{8F6DE463-C6AA-465A-B74A-FFF4CFC2158A}.Ad-Hoc|x86.Deploy.0 = Release|x86
		{8F6DE463-C6AA-465A-B74A-FFF4CFC2158A}.AppStore|Any CPU.ActiveCfg = Release|x86
		{8F6DE463-C6AA-465A-B74A-FFF4CFC2158A}.AppStore|Any CPU.Build.0 = Release|x86
		{8F6DE463-C6AA-465A-B74A-FFF4CFC2158A}.AppStore|Any CPU.Deploy.0 = Release|x86
		{8F6DE463-C6AA-465A-B74A-FFF4CFC2158A}.AppStore|ARM.ActiveCfg = Release|ARM
		{8F6DE463-C6AA-465A-B74A-FFF4CFC2158A}.AppStore|ARM.Build.0 = Release|ARM
		{8F6DE463-C6AA-465A-B74A-FFF4CFC2158A}.AppStore|ARM.Deploy.0 = Release|ARM
		{8F6DE463-C6AA-465A-B74A-FFF4CFC2158A}.AppStore|iPhone.ActiveCfg = Release|x86
		{8F6DE463-C6AA-465A-B74A-FFF4CFC2158A}.AppStore|iPhone.Build.0 = Release|x86
		{8F6DE463-C6AA-465A-B74A-FFF4CFC2158A}.AppStore|iPhone.Deploy.0 = Release|x86
		{8F6DE463-C6AA-465A-B74A-FFF4CFC2158A}.AppStore|iPhoneSimulator.ActiveCfg = Release|x86
		{8F6DE463-C6AA-465A-B74A-FFF4CFC2158A}.AppStore|iPhoneSimulator.Build.0 = Release|x86
		{8F6DE463-C6AA-465A-B74A-FFF4CFC2158A}.AppStore|iPhoneSimulator.Deploy.0 = Release|x86
		{8F6DE463-C6AA-465A-B74A-FFF4CFC2158A}.AppStore|x64.ActiveCfg = Release|x64
		{8F6DE463-C6AA-465A-B74A-FFF4CFC2158A}.AppStore|x64.Build.0 = Release|x64
		{8F6DE463-C6AA-465A-B74A-FFF4CFC2158A}.AppStore|x64.Deploy.0 = Release|x64
		{8F6DE463-C6AA-465A-B74A-FFF4CFC2158A}.AppStore|x86.ActiveCfg = Release|x86
		{8F6DE463-C6AA-465A-B74A-FFF4CFC2158A}.AppStore|x86.Build.0 = Release|x86
		{8F6DE463-C6AA-465A-B74A-FFF4CFC2158A}.AppStore|x86.Deploy.0 = Release|x86
		{8F6DE463-C6AA-465A-B74A-FFF4CFC2158A}.Debug|Any CPU.ActiveCfg = Debug|x86
		{8F6DE463-C6AA-465A-B74A-FFF4CFC2158A}.Debug|ARM.ActiveCfg = Debug|ARM
		{8F6DE463-C6AA-465A-B74A-FFF4CFC2158A}.Debug|ARM.Build.0 = Debug|ARM
		{8F6DE463-C6AA-465A-B74A-FFF4CFC2158A}.Debug|ARM.Deploy.0 = Debug|ARM
		{8F6DE463-C6AA-465A-B74A-FFF4CFC2158A}.Debug|iPhone.ActiveCfg = Debug|x86
		{8F6DE463-C6AA-465A-B74A-FFF4CFC2158A}.Debug|iPhoneSimulator.ActiveCfg = Debug|x86
		{8F6DE463-C6AA-465A-B74A-FFF4CFC2158A}.Debug|x64.ActiveCfg = Debug|x64
		{8F6DE463-C6AA-465A-B74A-FFF4CFC2158A}.Debug|x64.Build.0 = Debug|x64
		{8F6DE463-C6AA-465A-B74A-FFF4CFC2158A}.Debug|x64.Deploy.0 = Debug|x64
		{8F6DE463-C6AA-465A-B74A-FFF4CFC2158A}.Debug|x86.ActiveCfg = Debug|x86
		{8F6DE463-C6AA-465A-B74A-FFF4CFC2158A}.Debug|x86.Build.0 = Debug|x86
		{8F6DE463-C6AA-465A-B74A-FFF4CFC2158A}.Debug|x86.Deploy.0 = Debug|x86
		{8F6DE463-C6AA-465A-B74A-FFF4CFC2158A}.Release|Any CPU.ActiveCfg = Release|x86
		{8F6DE463-C6AA-465A-B74A-FFF4CFC2158A}.Release|ARM.ActiveCfg = Release|ARM
		{8F6DE463-C6AA-465A-B74A-FFF4CFC2158A}.Release|ARM.Build.0 = Release|ARM
		{8F6DE463-C6AA-465A-B74A-FFF4CFC2158A}.Release|ARM.Deploy.0 = Release|ARM
		{8F6DE463-C6AA-465A-B74A-FFF4CFC2158A}.Release|iPhone.ActiveCfg = Release|x86
		{8F6DE463-C6AA-465A-B74A-FFF4CFC2158A}.Release|iPhoneSimulator.ActiveCfg = Release|x86
		{8F6DE463-C6AA-465A-B74A-FFF4CFC2158A}.Release|x64.ActiveCfg = Release|x64
		{8F6DE463-C6AA-465A-B74A-FFF4CFC2158A}.Release|x64.Build.0 = Release|x64
		{8F6DE463-C6AA-465A-B74A-FFF4CFC2158A}.Release|x64.Deploy.0 = Release|x64
		{8F6DE463-C6AA-465A-B74A-FFF4CFC2158A}.Release|x86.ActiveCfg = Release|x86
		{8F6DE463-C6AA-465A-B74A-FFF4CFC2158A}.Release|x86.Build.0 = Release|x86
		{8F6DE463-C6AA-465A-B74A-FFF4CFC2158A}.Release|x86.Deploy.0 = Release|x86
		{3D45FD85-7D28-49C2-906A-93075EE18F9B}.Ad-Hoc|Any CPU.ActiveCfg = Release|Any CPU
		{3D45FD85-7D28-49C2-906A-93075EE18F9B}.Ad-Hoc|Any CPU.Build.0 = Release|Any CPU
		{3D45FD85-7D28-49C2-906A-93075EE18F9B}.Ad-Hoc|Any CPU.Deploy.0 = Release|Any CPU
		{3D45FD85-7D28-49C2-906A-93075EE18F9B}.Ad-Hoc|ARM.ActiveCfg = Release|ARM
		{3D45FD85-7D28-49C2-906A-93075EE18F9B}.Ad-Hoc|ARM.Build.0 = Release|ARM
		{3D45FD85-7D28-49C2-906A-93075EE18F9B}.Ad-Hoc|ARM.Deploy.0 = Release|ARM
		{3D45FD85-7D28-49C2-906A-93075EE18F9B}.Ad-Hoc|iPhone.ActiveCfg = Release|Any CPU
		{3D45FD85-7D28-49C2-906A-93075EE18F9B}.Ad-Hoc|iPhone.Build.0 = Release|Any CPU
		{3D45FD85-7D28-49C2-906A-93075EE18F9B}.Ad-Hoc|iPhone.Deploy.0 = Release|Any CPU
		{3D45FD85-7D28-49C2-906A-93075EE18F9B}.Ad-Hoc|iPhoneSimulator.ActiveCfg = Release|Any CPU
		{3D45FD85-7D28-49C2-906A-93075EE18F9B}.Ad-Hoc|iPhoneSimulator.Build.0 = Release|Any CPU
		{3D45FD85-7D28-49C2-906A-93075EE18F9B}.Ad-Hoc|iPhoneSimulator.Deploy.0 = Release|Any CPU
		{3D45FD85-7D28-49C2-906A-93075EE18F9B}.Ad-Hoc|x64.ActiveCfg = Release|x64
		{3D45FD85-7D28-49C2-906A-93075EE18F9B}.Ad-Hoc|x64.Build.0 = Release|x64
		{3D45FD85-7D28-49C2-906A-93075EE18F9B}.Ad-Hoc|x64.Deploy.0 = Release|x64
		{3D45FD85-7D28-49C2-906A-93075EE18F9B}.Ad-Hoc|x86.ActiveCfg = Release|x86
		{3D45FD85-7D28-49C2-906A-93075EE18F9B}.Ad-Hoc|x86.Build.0 = Release|x86
		{3D45FD85-7D28-49C2-906A-93075EE18F9B}.Ad-Hoc|x86.Deploy.0 = Release|x86
		{3D45FD85-7D28-49C2-906A-93075EE18F9B}.AppStore|Any CPU.ActiveCfg = Release|Any CPU
		{3D45FD85-7D28-49C2-906A-93075EE18F9B}.AppStore|Any CPU.Build.0 = Release|Any CPU
		{3D45FD85-7D28-49C2-906A-93075EE18F9B}.AppStore|Any CPU.Deploy.0 = Release|Any CPU
		{3D45FD85-7D28-49C2-906A-93075EE18F9B}.AppStore|ARM.ActiveCfg = Release|ARM
		{3D45FD85-7D28-49C2-906A-93075EE18F9B}.AppStore|ARM.Build.0 = Release|ARM
		{3D45FD85-7D28-49C2-906A-93075EE18F9B}.AppStore|ARM.Deploy.0 = Release|ARM
		{3D45FD85-7D28-49C2-906A-93075EE18F9B}.AppStore|iPhone.ActiveCfg = Release|Any CPU
		{3D45FD85-7D28-49C2-906A-93075EE18F9B}.AppStore|iPhone.Build.0 = Release|Any CPU
		{3D45FD85-7D28-49C2-906A-93075EE18F9B}.AppStore|iPhone.Deploy.0 = Release|Any CPU
		{3D45FD85-7D28-49C2-906A-93075EE18F9B}.AppStore|iPhoneSimulator.ActiveCfg = Release|Any CPU
		{3D45FD85-7D28-49C2-906A-93075EE18F9B}.AppStore|iPhoneSimulator.Build.0 = Release|Any CPU
		{3D45FD85-7D28-49C2-906A-93075EE18F9B}.AppStore|iPhoneSimulator.Deploy.0 = Release|Any CPU
		{3D45FD85-7D28-49C2-906A-93075EE18F9B}.AppStore|x64.ActiveCfg = Release|x64
		{3D45FD85-7D28-49C2-906A-93075EE18F9B}.AppStore|x64.Build.0 = Release|x64
		{3D45FD85-7D28-49C2-906A-93075EE18F9B}.AppStore|x64.Deploy.0 = Release|x64
		{3D45FD85-7D28-49C2-906A-93075EE18F9B}.AppStore|x86.ActiveCfg = Release|x86
		{3D45FD85-7D28-49C2-906A-93075EE18F9B}.AppStore|x86.Build.0 = Release|x86
		{3D45FD85-7D28-49C2-906A-93075EE18F9B}.AppStore|x86.Deploy.0 = Release|x86
		{3D45FD85-7D28-49C2-906A-93075EE18F9B}.Debug|Any CPU.ActiveCfg = Debug|Any CPU
		{3D45FD85-7D28-49C2-906A-93075EE18F9B}.Debug|Any CPU.Build.0 = Debug|Any CPU
		{3D45FD85-7D28-49C2-906A-93075EE18F9B}.Debug|Any CPU.Deploy.0 = Debug|Any CPU
		{3D45FD85-7D28-49C2-906A-93075EE18F9B}.Debug|ARM.ActiveCfg = Debug|ARM
		{3D45FD85-7D28-49C2-906A-93075EE18F9B}.Debug|ARM.Build.0 = Debug|ARM
		{3D45FD85-7D28-49C2-906A-93075EE18F9B}.Debug|ARM.Deploy.0 = Debug|ARM
		{3D45FD85-7D28-49C2-906A-93075EE18F9B}.Debug|iPhone.ActiveCfg = Debug|Any CPU
		{3D45FD85-7D28-49C2-906A-93075EE18F9B}.Debug|iPhone.Build.0 = Debug|Any CPU
		{3D45FD85-7D28-49C2-906A-93075EE18F9B}.Debug|iPhone.Deploy.0 = Debug|Any CPU
		{3D45FD85-7D28-49C2-906A-93075EE18F9B}.Debug|iPhoneSimulator.ActiveCfg = Debug|Any CPU
		{3D45FD85-7D28-49C2-906A-93075EE18F9B}.Debug|iPhoneSimulator.Build.0 = Debug|Any CPU
		{3D45FD85-7D28-49C2-906A-93075EE18F9B}.Debug|iPhoneSimulator.Deploy.0 = Debug|Any CPU
		{3D45FD85-7D28-49C2-906A-93075EE18F9B}.Debug|x64.ActiveCfg = Debug|x64
		{3D45FD85-7D28-49C2-906A-93075EE18F9B}.Debug|x64.Build.0 = Debug|x64
		{3D45FD85-7D28-49C2-906A-93075EE18F9B}.Debug|x64.Deploy.0 = Debug|x64
		{3D45FD85-7D28-49C2-906A-93075EE18F9B}.Debug|x86.ActiveCfg = Debug|x86
		{3D45FD85-7D28-49C2-906A-93075EE18F9B}.Debug|x86.Build.0 = Debug|x86
		{3D45FD85-7D28-49C2-906A-93075EE18F9B}.Debug|x86.Deploy.0 = Debug|x86
		{3D45FD85-7D28-49C2-906A-93075EE18F9B}.Release|Any CPU.ActiveCfg = Release|Any CPU
		{3D45FD85-7D28-49C2-906A-93075EE18F9B}.Release|Any CPU.Build.0 = Release|Any CPU
		{3D45FD85-7D28-49C2-906A-93075EE18F9B}.Release|Any CPU.Deploy.0 = Release|Any CPU
		{3D45FD85-7D28-49C2-906A-93075EE18F9B}.Release|ARM.ActiveCfg = Release|ARM
		{3D45FD85-7D28-49C2-906A-93075EE18F9B}.Release|ARM.Build.0 = Release|ARM
		{3D45FD85-7D28-49C2-906A-93075EE18F9B}.Release|ARM.Deploy.0 = Release|ARM
		{3D45FD85-7D28-49C2-906A-93075EE18F9B}.Release|iPhone.ActiveCfg = Release|Any CPU
		{3D45FD85-7D28-49C2-906A-93075EE18F9B}.Release|iPhone.Build.0 = Release|Any CPU
		{3D45FD85-7D28-49C2-906A-93075EE18F9B}.Release|iPhone.Deploy.0 = Release|Any CPU
		{3D45FD85-7D28-49C2-906A-93075EE18F9B}.Release|iPhoneSimulator.ActiveCfg = Release|Any CPU
		{3D45FD85-7D28-49C2-906A-93075EE18F9B}.Release|iPhoneSimulator.Build.0 = Release|Any CPU
		{3D45FD85-7D28-49C2-906A-93075EE18F9B}.Release|iPhoneSimulator.Deploy.0 = Release|Any CPU
		{3D45FD85-7D28-49C2-906A-93075EE18F9B}.Release|x64.ActiveCfg = Release|x64
		{3D45FD85-7D28-49C2-906A-93075EE18F9B}.Release|x64.Build.0 = Release|x64
		{3D45FD85-7D28-49C2-906A-93075EE18F9B}.Release|x64.Deploy.0 = Release|x64
		{3D45FD85-7D28-49C2-906A-93075EE18F9B}.Release|x86.ActiveCfg = Release|x86
		{3D45FD85-7D28-49C2-906A-93075EE18F9B}.Release|x86.Build.0 = Release|x86
		{3D45FD85-7D28-49C2-906A-93075EE18F9B}.Release|x86.Deploy.0 = Release|x86
	EndGlobalSection
	GlobalSection(SolutionProperties) = preSolution
		HideSolutionNode = FALSE
	EndGlobalSection
EndGlobal
